
Microsoft Visual Studio Solution File, Format Version 12.00
# Visual Studio Version 17
VisualStudioVersion = 17.3.32929.385
MinimumVisualStudioVersion = 10.0.40219.1
Project("{888888A0-9F3D-457C-B088-3A5042F75D52}") = "Adventure Game", "Adventure Game.pyproj", "{B5A4B990-7E3C-4BA5-9805-8EFF9602BC5B}"
EndProject
Global
	GlobalSection(SolutionConfigurationPlatforms) = preSolution
		Debug|Any CPU = Debug|Any CPU
		Release|Any CPU = Release|Any CPU
	EndGlobalSection
	GlobalSection(ProjectConfigurationPlatforms) = postSolution
		{B5A4B990-7E3C-4BA5-9805-8EFF9602BC5B}.Debug|Any CPU.ActiveCfg = Debug|Any CPU
		{B5A4B990-7E3C-4BA5-9805-8EFF9602BC5B}.Release|Any CPU.ActiveCfg = Release|Any CPU
	EndGlobalSection
	GlobalSection(SolutionProperties) = preSolution
		HideSolutionNode = FALSE
	EndGlobalSection
	GlobalSection(ExtensibilityGlobals) = postSolution
		SolutionGuid = {D4E7B17C-D926-4C71-83AC-36F84A306CCD}
	EndGlobalSection
EndGlobal
